
Microsoft Visual Studio Solution File, Format Version 12.00
# Visual Studio 14
VisualStudioVersion = 14.0.23107.0
MinimumVisualStudioVersion = 10.0.40219.1
Project("{159641D6-6404-4A2A-AE62-294DE0FE8301}") = "ETLSubsystem07_12S17007", "ETLSubsystem07_12S17007\ETLSubsystem07_12S17007.dtproj", "{B8230ED6-C3D0-4028-880C-D52B5202ACDD}"
EndProject
Global
	GlobalSection(SolutionConfigurationPlatforms) = preSolution
		Development|Default = Development|Default
	EndGlobalSection
	GlobalSection(ProjectConfigurationPlatforms) = postSolution
		{B8230ED6-C3D0-4028-880C-D52B5202ACDD}.Development|Default.ActiveCfg = Development
		{B8230ED6-C3D0-4028-880C-D52B5202ACDD}.Development|Default.Build.0 = Development
	EndGlobalSection
	GlobalSection(SolutionProperties) = preSolution
		HideSolutionNode = FALSE
	EndGlobalSection
EndGlobal
