
Microsoft Visual Studio Solution File, Format Version 12.00
# Visual Studio 14
VisualStudioVersion = 14.0.23107.0
MinimumVisualStudioVersion = 10.0.40219.1
Project("{159641D6-6404-4A2A-AE62-294DE0FE8301}") = "ETLSubsystem13_12S17007", "ETLSubsystem13_12S17007\ETLSubsystem13_12S17007.dtproj", "{DBB89033-DD9C-454A-8562-A449515E4AE0}"
EndProject
Global
	GlobalSection(SolutionConfigurationPlatforms) = preSolution
		Development|Default = Development|Default
	EndGlobalSection
	GlobalSection(ProjectConfigurationPlatforms) = postSolution
		{DBB89033-DD9C-454A-8562-A449515E4AE0}.Development|Default.ActiveCfg = Development
		{DBB89033-DD9C-454A-8562-A449515E4AE0}.Development|Default.Build.0 = Development
	EndGlobalSection
	GlobalSection(SolutionProperties) = preSolution
		HideSolutionNode = FALSE
	EndGlobalSection
EndGlobal
