
Microsoft Visual Studio Solution File, Format Version 12.00
# Visual Studio 14
VisualStudioVersion = 14.0.23107.0
MinimumVisualStudioVersion = 10.0.40219.1
Project("{159641D6-6404-4A2A-AE62-294DE0FE8301}") = "ETLSubSystem02_12S17007", "ETLSubSystem02_12S17007\ETLSubSystem02_12S17007.dtproj", "{332D8002-67EA-40DB-8690-BF1961F93611}"
EndProject
Global
	GlobalSection(SolutionConfigurationPlatforms) = preSolution
		Development|Default = Development|Default
	EndGlobalSection
	GlobalSection(ProjectConfigurationPlatforms) = postSolution
		{332D8002-67EA-40DB-8690-BF1961F93611}.Development|Default.ActiveCfg = Development
		{332D8002-67EA-40DB-8690-BF1961F93611}.Development|Default.Build.0 = Development
	EndGlobalSection
	GlobalSection(SolutionProperties) = preSolution
		HideSolutionNode = FALSE
	EndGlobalSection
EndGlobal
